
Microsoft Visual Studio Solution File, Format Version 12.00
# Visual Studio Version 17
VisualStudioVersion = 17.1.31911.260
MinimumVisualStudioVersion = 10.0.40219.1
Project("{FAE04EC0-301F-11D3-BF4B-00C04F79EFBC}") = "Project.Sugcon.Platform", "src\Project\Sugcon\platform\Project.Sugcon.Platform.csproj", "{5FF0FB81-8059-49E2-AF0A-C5CB8798067A}"
EndProject
Project("{FAE04EC0-301F-11D3-BF4B-00C04F79EFBC}") = "Mvp.Project.MvpSite.Platform", "src\Project\MvpSite\platform\Mvp.Project.MvpSite.Platform.csproj", "{816F099C-E14B-4468-9E34-87F993C6484D}"
EndProject
Project("{FAE04EC0-301F-11D3-BF4B-00C04F79EFBC}") = "Mvp.Environment.Platform", "src\Environment\platform\Mvp.Environment.Platform.csproj", "{89A72153-4995-4607-98B1-B8C75679926E}"
EndProject
Global
	GlobalSection(SolutionConfigurationPlatforms) = preSolution
		Debug|Any CPU = Debug|Any CPU
		Release|Any CPU = Release|Any CPU
	EndGlobalSection
	GlobalSection(ProjectConfigurationPlatforms) = postSolution
		{5FF0FB81-8059-49E2-AF0A-C5CB8798067A}.Debug|Any CPU.ActiveCfg = Debug|Any CPU
		{5FF0FB81-8059-49E2-AF0A-C5CB8798067A}.Debug|Any CPU.Build.0 = Debug|Any CPU
		{5FF0FB81-8059-49E2-AF0A-C5CB8798067A}.Release|Any CPU.ActiveCfg = Release|Any CPU
		{5FF0FB81-8059-49E2-AF0A-C5CB8798067A}.Release|Any CPU.Build.0 = Release|Any CPU
		{816F099C-E14B-4468-9E34-87F993C6484D}.Debug|Any CPU.ActiveCfg = Debug|Any CPU
		{816F099C-E14B-4468-9E34-87F993C6484D}.Debug|Any CPU.Build.0 = Debug|Any CPU
		{816F099C-E14B-4468-9E34-87F993C6484D}.Release|Any CPU.ActiveCfg = Release|Any CPU
		{816F099C-E14B-4468-9E34-87F993C6484D}.Release|Any CPU.Build.0 = Release|Any CPU
		{89A72153-4995-4607-98B1-B8C75679926E}.Debug|Any CPU.ActiveCfg = Debug|Any CPU
		{89A72153-4995-4607-98B1-B8C75679926E}.Debug|Any CPU.Build.0 = Debug|Any CPU
		{89A72153-4995-4607-98B1-B8C75679926E}.Release|Any CPU.ActiveCfg = Release|Any CPU
		{89A72153-4995-4607-98B1-B8C75679926E}.Release|Any CPU.Build.0 = Release|Any CPU
	EndGlobalSection
	GlobalSection(SolutionProperties) = preSolution
		HideSolutionNode = FALSE
	EndGlobalSection
	GlobalSection(ExtensibilityGlobals) = postSolution
		SolutionGuid = {733FCA1D-EE95-492E-A974-67010D3F20BD}
	EndGlobalSection
EndGlobal
