
Microsoft Visual Studio Solution File, Format Version 12.00
# Visual Studio Version 16
VisualStudioVersion = 16.0.30611.23
MinimumVisualStudioVersion = 10.0.40219.1
Project("{FAE04EC0-301F-11D3-BF4B-00C04F79EFBC}") = "Mvp.Project.MvpSite.Platform", "src\Project\MvpSite\platform\Mvp.Project.MvpSite.Platform.csproj", "{816F099C-E14B-4468-9E34-87F993C6484D}"
EndProject
Project("{2150E333-8FDC-42A3-9474-1A3956D46DE8}") = "Solution Files", "Solution Files", "{196B5D43-B228-4632-9BC3-EAAF79B4EDA5}"
	ProjectSection(SolutionItems) = preProject
		nuget.config = nuget.config
		README.md = README.md
		sitecore.json = sitecore.json
	EndProjectSection
EndProject
Project("{FAE04EC0-301F-11D3-BF4B-00C04F79EFBC}") = "Project.Sugcon.Platform", "src\Project\Sugcon\platform\Project.Sugcon.Platform.csproj", "{5FF0FB81-8059-49E2-AF0A-C5CB8798067A}"
EndProject
Project("{9A19103F-16F7-4668-BE54-9A1E7A4F7556}") = "Mvp.Environment.Platform", "src\Environment\platform\Mvp.Environment.Platform.csproj", "{A80EEDEA-3A96-4A2D-ACC3-76E53560E9CC}"
EndProject
Global
	GlobalSection(SolutionConfigurationPlatforms) = preSolution
		Debug|Any CPU = Debug|Any CPU
		Release|Any CPU = Release|Any CPU
	EndGlobalSection
	GlobalSection(ProjectConfigurationPlatforms) = postSolution
		{816F099C-E14B-4468-9E34-87F993C6484D}.Debug|Any CPU.ActiveCfg = Debug|Any CPU
		{816F099C-E14B-4468-9E34-87F993C6484D}.Debug|Any CPU.Build.0 = Debug|Any CPU
		{816F099C-E14B-4468-9E34-87F993C6484D}.Release|Any CPU.ActiveCfg = Release|Any CPU
		{816F099C-E14B-4468-9E34-87F993C6484D}.Release|Any CPU.Build.0 = Release|Any CPU
		{5FF0FB81-8059-49E2-AF0A-C5CB8798067A}.Debug|Any CPU.ActiveCfg = Debug|Any CPU
		{5FF0FB81-8059-49E2-AF0A-C5CB8798067A}.Debug|Any CPU.Build.0 = Debug|Any CPU
		{5FF0FB81-8059-49E2-AF0A-C5CB8798067A}.Release|Any CPU.ActiveCfg = Release|Any CPU
		{5FF0FB81-8059-49E2-AF0A-C5CB8798067A}.Release|Any CPU.Build.0 = Release|Any CPU
		{36C0B7DB-F73E-4E34-A70D-C57BCFDA1A25}.Debug|Any CPU.ActiveCfg = Debug|Any CPU
		{36C0B7DB-F73E-4E34-A70D-C57BCFDA1A25}.Debug|Any CPU.Build.0 = Debug|Any CPU
		{36C0B7DB-F73E-4E34-A70D-C57BCFDA1A25}.Release|Any CPU.ActiveCfg = Release|Any CPU
		{36C0B7DB-F73E-4E34-A70D-C57BCFDA1A25}.Release|Any CPU.Build.0 = Release|Any CPU
		{A80EEDEA-3A96-4A2D-ACC3-76E53560E9CC}.Debug|Any CPU.ActiveCfg = Debug|Any CPU
		{A80EEDEA-3A96-4A2D-ACC3-76E53560E9CC}.Debug|Any CPU.Build.0 = Debug|Any CPU
		{A80EEDEA-3A96-4A2D-ACC3-76E53560E9CC}.Release|Any CPU.ActiveCfg = Release|Any CPU
		{A80EEDEA-3A96-4A2D-ACC3-76E53560E9CC}.Release|Any CPU.Build.0 = Release|Any CPU
	EndGlobalSection
	GlobalSection(SolutionProperties) = preSolution
		HideSolutionNode = FALSE
	EndGlobalSection
	GlobalSection(ExtensibilityGlobals) = postSolution
		SolutionGuid = {7A7C4987-3A11-41A9-8915-5457EF7B5A6F}
	EndGlobalSection
EndGlobal
