---
ID: "d7ae2311-0619-477c-9425-fb279d384ef1"
Parent: "7ee91633-d7e5-48e4-8557-c835ff1ec506"
Template: "4d50cdae-c2d9-4de8-b080-8f992bfb1b55"
Path: /sitecore/content/Sugcon/SugconAnzSxa/Presentation/Headless Variants/Hero/ColorBlock
SharedFields:
- ID: "ba3f86a2-4a1c-4d78-b63d-91c2779c1b5e"
  Hint: __Sortorder
  Value: 200
Languages:
- Language: en
  Versions:
  - Version: 1
    Fields:
    - ID: "25bed78c-4957-4165-998a-ca1b52f67497"
      Hint: __Created
      Value: 20220524T110555Z
    - ID: "52807595-0f8f-4b20-8d2a-cb71d28c6103"
      Hint: __Owner
      Value: |
        sitecore\xmc-e2e-admin@sitecore.com
    - ID: "5dd74568-4d4b-44c1-b513-0af5f4cda34f"
      Hint: __Created by
      Value: |
        sitecore\xmc-e2e-admin@sitecore.com
    - ID: "8cdc337e-a112-42fb-bbb4-4143751e123f"
      Hint: __Revision
      Value: "06e2675d-e30e-43e8-97cd-b17f088d9a2a"
    - ID: "badd9cf9-53e0-4d0c-bcc0-2d784c282f6a"
      Hint: __Updated by
      Value: |
        sitecore\xmc-e2e-admin@sitecore.com
    - ID: "d9cf14b1-fa16-4ba6-9288-e8a174d4d522"
      Hint: __Updated
      Value: 20220524T110644Z
