
Microsoft Visual Studio Solution File, Format Version 12.00
# Visual Studio Version 17
VisualStudioVersion = 17.1.31911.260
MinimumVisualStudioVersion = 10.0.40219.1
Project("{2150E333-8FDC-42A3-9474-1A3956D46DE8}") = ".Solution Files", ".Solution Files", "{196B5D43-B228-4632-9BC3-EAAF79B4EDA5}"
	ProjectSection(SolutionItems) = preProject
		nuget.config = nuget.config
		..\Packages.props = ..\Packages.props
		README.md = README.md
		sitecore.json = sitecore.json
	EndProjectSection
EndProject
Project("{2150E333-8FDC-42A3-9474-1A3956D46DE8}") = "Foundation", "Foundation", "{4736C040-62A2-4E10-A376-0FD4B8B72E8D}"
EndProject
Project("{2150E333-8FDC-42A3-9474-1A3956D46DE8}") = "Feature", "Feature", "{EE03412B-647E-416F-84A1-427E692BBBDB}"
EndProject
Project("{2150E333-8FDC-42A3-9474-1A3956D46DE8}") = "Project", "Project", "{0CA01507-AFE6-401B-AD20-3C3A8F34BF09}"
EndProject
Project("{2150E333-8FDC-42A3-9474-1A3956D46DE8}") = "MvpSite", "MvpSite", "{C998ECA9-1528-444B-A9AB-538E01A45CEC}"
EndProject
Project("{FAE04EC0-301F-11D3-BF4B-00C04F79EFBC}") = "Mvp.Project.MvpSite.Platform", "Project\MvpSite\platform\Mvp.Project.MvpSite.Platform.csproj", "{816F099C-E14B-4468-9E34-87F993C6484D}"
EndProject
Project("{9A19103F-16F7-4668-BE54-9A1E7A4F7556}") = "Mvp.Project.MvpSite.Rendering", "Project\MvpSite\rendering\Mvp.Project.MvpSite.Rendering.csproj", "{2C5CF268-B0A9-4578-BB3C-1C93C53798E0}"
EndProject
Project("{2150E333-8FDC-42A3-9474-1A3956D46DE8}") = "Navigation", "Navigation", "{D284ACCB-FDFD-4A13-B6C9-B2A5B2DD19E9}"
EndProject
Project("{9A19103F-16F7-4668-BE54-9A1E7A4F7556}") = "Mvp.Feature.Navigation.Rendering", "Feature\Navigation\rendering\Mvp.Feature.Navigation.Rendering.csproj", "{565AC1EA-01B0-4A93-8230-17081AE133A6}"
EndProject
Project("{2150E333-8FDC-42A3-9474-1A3956D46DE8}") = "BasicContent", "BasicContent", "{9024797F-EC79-4019-9076-C157020CF7D5}"
EndProject
Project("{9A19103F-16F7-4668-BE54-9A1E7A4F7556}") = "MVP.Feature.BasicContent.Rendering", "Feature\BasicContent\rendering\MVP.Feature.BasicContent.Rendering.csproj", "{18086145-57F9-46EB-9213-6764DA298779}"
EndProject
Project("{2150E333-8FDC-42A3-9474-1A3956D46DE8}") = "Social", "Social", "{06A25A5C-4B35-4091-81D6-5DE97C6E1744}"
EndProject
Project("{9A19103F-16F7-4668-BE54-9A1E7A4F7556}") = "Mvp.Feature.Social.Rendering", "Feature\Social\rendering\Mvp.Feature.Social.Rendering.csproj", "{79D774C4-1B40-48E3-8F84-880A02A63E7D}"
EndProject
Project("{2150E333-8FDC-42A3-9474-1A3956D46DE8}") = "Sugcon", "Sugcon", "{7B86B212-94E4-4175-B459-3D0A75A7244D}"
EndProject
Project("{FAE04EC0-301F-11D3-BF4B-00C04F79EFBC}") = "Project.Sugcon.Platform", "Project\Sugcon\platform\Project.Sugcon.Platform.csproj", "{5FF0FB81-8059-49E2-AF0A-C5CB8798067A}"
EndProject
Project("{2150E333-8FDC-42A3-9474-1A3956D46DE8}") = "Configuration", "Configuration", "{9ED35173-2AAB-49CE-AAD7-8D2A3B904DAF}"
EndProject
Project("{9A19103F-16F7-4668-BE54-9A1E7A4F7556}") = "Mvp.Foundation.Configuration.Rendering", "Foundation\Configuration\rendering\Mvp.Foundation.Configuration.Rendering.csproj", "{B9CDEDA7-3719-431E-8D57-72460403E934}"
EndProject
Project("{2150E333-8FDC-42A3-9474-1A3956D46DE8}") = "People", "People", "{F5DFDC1C-FEBA-42A7-8A1A-525028952980}"
EndProject
Project("{9A19103F-16F7-4668-BE54-9A1E7A4F7556}") = "Mvp.Feature.People.Rendering", "Feature\People\rendering\Mvp.Feature.People.Rendering.csproj", "{0BD6638A-3A5A-406A-8453-4DA6B35886FC}"
EndProject
Project("{2150E333-8FDC-42A3-9474-1A3956D46DE8}") = "Environment", "Environment", "{34CC9337-BC03-4C14-A57A-FD29DEE5A9B8}"
EndProject
Project("{FAE04EC0-301F-11D3-BF4B-00C04F79EFBC}") = "Mvp.Environment.Platform", "Environment\platform\Mvp.Environment.Platform.csproj", "{89A72153-4995-4607-98B1-B8C75679926E}"
EndProject
Project("{2150E333-8FDC-42A3-9474-1A3956D46DE8}") = "User", "User", "{444A6903-4CE0-4864-9349-BDE5A1EAED9C}"
EndProject
Project("{9A19103F-16F7-4668-BE54-9A1E7A4F7556}") = "Mvp.Feature.User.Rendering", "Feature\User\rendering\Mvp.Feature.User.Rendering.csproj", "{44C9267F-344E-4AE3-BF21-90874835B7E2}"
EndProject
Project("{2150E333-8FDC-42A3-9474-1A3956D46DE8}") = "Forms", "Forms", "{86BC4421-B47F-446E-A606-B41D5F7A25C0}"
EndProject
Project("{9A19103F-16F7-4668-BE54-9A1E7A4F7556}") = "Mvp.Feature.Forms.Rendering", "Feature\Forms\rendering\Mvp.Feature.Forms.Rendering.csproj", "{BADEDFA0-AA01-4004-A69D-794F9EF7747C}"
EndProject
Project("{2150E333-8FDC-42A3-9474-1A3956D46DE8}") = "DataFetching", "DataFetching", "{3E938C05-FBB8-4FFC-BAC6-52222563CE62}"
EndProject
Project("{9A19103F-16F7-4668-BE54-9A1E7A4F7556}") = "Mvp.Foundation.DataFetching.Rendering", "Foundation\DataFetching\rendering\Mvp.Foundation.DataFetching.Rendering.csproj", "{AA28B48F-C2A3-4F20-969B-4E6BAFE56F28}"
EndProject
Global
	GlobalSection(SolutionConfigurationPlatforms) = preSolution
		Debug|Any CPU = Debug|Any CPU
		Release|Any CPU = Release|Any CPU
	EndGlobalSection
	GlobalSection(ProjectConfigurationPlatforms) = postSolution
		{816F099C-E14B-4468-9E34-87F993C6484D}.Debug|Any CPU.ActiveCfg = Debug|Any CPU
		{816F099C-E14B-4468-9E34-87F993C6484D}.Debug|Any CPU.Build.0 = Debug|Any CPU
		{816F099C-E14B-4468-9E34-87F993C6484D}.Release|Any CPU.ActiveCfg = Release|Any CPU
		{816F099C-E14B-4468-9E34-87F993C6484D}.Release|Any CPU.Build.0 = Release|Any CPU
		{2C5CF268-B0A9-4578-BB3C-1C93C53798E0}.Debug|Any CPU.ActiveCfg = Debug|Any CPU
		{2C5CF268-B0A9-4578-BB3C-1C93C53798E0}.Debug|Any CPU.Build.0 = Debug|Any CPU
		{2C5CF268-B0A9-4578-BB3C-1C93C53798E0}.Release|Any CPU.ActiveCfg = Release|Any CPU
		{2C5CF268-B0A9-4578-BB3C-1C93C53798E0}.Release|Any CPU.Build.0 = Release|Any CPU
		{565AC1EA-01B0-4A93-8230-17081AE133A6}.Debug|Any CPU.ActiveCfg = Debug|Any CPU
		{565AC1EA-01B0-4A93-8230-17081AE133A6}.Debug|Any CPU.Build.0 = Debug|Any CPU
		{565AC1EA-01B0-4A93-8230-17081AE133A6}.Release|Any CPU.ActiveCfg = Release|Any CPU
		{565AC1EA-01B0-4A93-8230-17081AE133A6}.Release|Any CPU.Build.0 = Release|Any CPU
		{18086145-57F9-46EB-9213-6764DA298779}.Debug|Any CPU.ActiveCfg = Debug|Any CPU
		{18086145-57F9-46EB-9213-6764DA298779}.Debug|Any CPU.Build.0 = Debug|Any CPU
		{18086145-57F9-46EB-9213-6764DA298779}.Release|Any CPU.ActiveCfg = Release|Any CPU
		{18086145-57F9-46EB-9213-6764DA298779}.Release|Any CPU.Build.0 = Release|Any CPU
		{79D774C4-1B40-48E3-8F84-880A02A63E7D}.Debug|Any CPU.ActiveCfg = Debug|Any CPU
		{79D774C4-1B40-48E3-8F84-880A02A63E7D}.Debug|Any CPU.Build.0 = Debug|Any CPU
		{79D774C4-1B40-48E3-8F84-880A02A63E7D}.Release|Any CPU.ActiveCfg = Release|Any CPU
		{79D774C4-1B40-48E3-8F84-880A02A63E7D}.Release|Any CPU.Build.0 = Release|Any CPU
		{5FF0FB81-8059-49E2-AF0A-C5CB8798067A}.Debug|Any CPU.ActiveCfg = Debug|Any CPU
		{5FF0FB81-8059-49E2-AF0A-C5CB8798067A}.Debug|Any CPU.Build.0 = Debug|Any CPU
		{5FF0FB81-8059-49E2-AF0A-C5CB8798067A}.Release|Any CPU.ActiveCfg = Release|Any CPU
		{5FF0FB81-8059-49E2-AF0A-C5CB8798067A}.Release|Any CPU.Build.0 = Release|Any CPU
		{B9CDEDA7-3719-431E-8D57-72460403E934}.Debug|Any CPU.ActiveCfg = Debug|Any CPU
		{B9CDEDA7-3719-431E-8D57-72460403E934}.Debug|Any CPU.Build.0 = Debug|Any CPU
		{B9CDEDA7-3719-431E-8D57-72460403E934}.Release|Any CPU.ActiveCfg = Release|Any CPU
		{B9CDEDA7-3719-431E-8D57-72460403E934}.Release|Any CPU.Build.0 = Release|Any CPU
		{0BD6638A-3A5A-406A-8453-4DA6B35886FC}.Debug|Any CPU.ActiveCfg = Debug|Any CPU
		{0BD6638A-3A5A-406A-8453-4DA6B35886FC}.Debug|Any CPU.Build.0 = Debug|Any CPU
		{0BD6638A-3A5A-406A-8453-4DA6B35886FC}.Release|Any CPU.ActiveCfg = Release|Any CPU
		{0BD6638A-3A5A-406A-8453-4DA6B35886FC}.Release|Any CPU.Build.0 = Release|Any CPU
		{89A72153-4995-4607-98B1-B8C75679926E}.Debug|Any CPU.ActiveCfg = Debug|Any CPU
		{89A72153-4995-4607-98B1-B8C75679926E}.Debug|Any CPU.Build.0 = Debug|Any CPU
		{89A72153-4995-4607-98B1-B8C75679926E}.Release|Any CPU.ActiveCfg = Release|Any CPU
		{89A72153-4995-4607-98B1-B8C75679926E}.Release|Any CPU.Build.0 = Release|Any CPU
		{44C9267F-344E-4AE3-BF21-90874835B7E2}.Debug|Any CPU.ActiveCfg = Debug|Any CPU
		{44C9267F-344E-4AE3-BF21-90874835B7E2}.Debug|Any CPU.Build.0 = Debug|Any CPU
		{44C9267F-344E-4AE3-BF21-90874835B7E2}.Release|Any CPU.ActiveCfg = Release|Any CPU
		{44C9267F-344E-4AE3-BF21-90874835B7E2}.Release|Any CPU.Build.0 = Release|Any CPU
		{BADEDFA0-AA01-4004-A69D-794F9EF7747C}.Debug|Any CPU.ActiveCfg = Debug|Any CPU
		{BADEDFA0-AA01-4004-A69D-794F9EF7747C}.Debug|Any CPU.Build.0 = Debug|Any CPU
		{BADEDFA0-AA01-4004-A69D-794F9EF7747C}.Release|Any CPU.ActiveCfg = Release|Any CPU
		{BADEDFA0-AA01-4004-A69D-794F9EF7747C}.Release|Any CPU.Build.0 = Release|Any CPU
		{AA28B48F-C2A3-4F20-969B-4E6BAFE56F28}.Debug|Any CPU.ActiveCfg = Debug|Any CPU
		{AA28B48F-C2A3-4F20-969B-4E6BAFE56F28}.Debug|Any CPU.Build.0 = Debug|Any CPU
		{AA28B48F-C2A3-4F20-969B-4E6BAFE56F28}.Release|Any CPU.ActiveCfg = Release|Any CPU
		{AA28B48F-C2A3-4F20-969B-4E6BAFE56F28}.Release|Any CPU.Build.0 = Release|Any CPU
	EndGlobalSection
	GlobalSection(SolutionProperties) = preSolution
		HideSolutionNode = FALSE
	EndGlobalSection
	GlobalSection(NestedProjects) = preSolution
		{C998ECA9-1528-444B-A9AB-538E01A45CEC} = {0CA01507-AFE6-401B-AD20-3C3A8F34BF09}
		{816F099C-E14B-4468-9E34-87F993C6484D} = {C998ECA9-1528-444B-A9AB-538E01A45CEC}
		{2C5CF268-B0A9-4578-BB3C-1C93C53798E0} = {C998ECA9-1528-444B-A9AB-538E01A45CEC}
		{D284ACCB-FDFD-4A13-B6C9-B2A5B2DD19E9} = {EE03412B-647E-416F-84A1-427E692BBBDB}
		{565AC1EA-01B0-4A93-8230-17081AE133A6} = {D284ACCB-FDFD-4A13-B6C9-B2A5B2DD19E9}
		{9024797F-EC79-4019-9076-C157020CF7D5} = {EE03412B-647E-416F-84A1-427E692BBBDB}
		{18086145-57F9-46EB-9213-6764DA298779} = {9024797F-EC79-4019-9076-C157020CF7D5}
		{06A25A5C-4B35-4091-81D6-5DE97C6E1744} = {EE03412B-647E-416F-84A1-427E692BBBDB}
		{79D774C4-1B40-48E3-8F84-880A02A63E7D} = {06A25A5C-4B35-4091-81D6-5DE97C6E1744}
		{7B86B212-94E4-4175-B459-3D0A75A7244D} = {0CA01507-AFE6-401B-AD20-3C3A8F34BF09}
		{5FF0FB81-8059-49E2-AF0A-C5CB8798067A} = {7B86B212-94E4-4175-B459-3D0A75A7244D}
		{9ED35173-2AAB-49CE-AAD7-8D2A3B904DAF} = {4736C040-62A2-4E10-A376-0FD4B8B72E8D}
		{B9CDEDA7-3719-431E-8D57-72460403E934} = {9ED35173-2AAB-49CE-AAD7-8D2A3B904DAF}
		{F5DFDC1C-FEBA-42A7-8A1A-525028952980} = {EE03412B-647E-416F-84A1-427E692BBBDB}
		{0BD6638A-3A5A-406A-8453-4DA6B35886FC} = {F5DFDC1C-FEBA-42A7-8A1A-525028952980}
		{89A72153-4995-4607-98B1-B8C75679926E} = {34CC9337-BC03-4C14-A57A-FD29DEE5A9B8}
		{444A6903-4CE0-4864-9349-BDE5A1EAED9C} = {EE03412B-647E-416F-84A1-427E692BBBDB}
		{44C9267F-344E-4AE3-BF21-90874835B7E2} = {444A6903-4CE0-4864-9349-BDE5A1EAED9C}
		{86BC4421-B47F-446E-A606-B41D5F7A25C0} = {EE03412B-647E-416F-84A1-427E692BBBDB}
		{BADEDFA0-AA01-4004-A69D-794F9EF7747C} = {86BC4421-B47F-446E-A606-B41D5F7A25C0}
		{3E938C05-FBB8-4FFC-BAC6-52222563CE62} = {4736C040-62A2-4E10-A376-0FD4B8B72E8D}
		{AA28B48F-C2A3-4F20-969B-4E6BAFE56F28} = {3E938C05-FBB8-4FFC-BAC6-52222563CE62}
	EndGlobalSection
	GlobalSection(ExtensibilityGlobals) = postSolution
		SolutionGuid = {7A7C4987-3A11-41A9-8915-5457EF7B5A6F}
	EndGlobalSection
EndGlobal
