---
ID: "d4cd6f21-6342-4c70-b301-264d73c71c67"
Parent: "d3ffa9ed-bc0c-4476-ab5e-0d0638d06618"
Template: "a87a00b1-e6db-45ab-8b54-636fec3b5523"
Path: /sitecore/content/SugconEuSite/Components/ContentBlock
SharedFields:
- ID: "06d5295c-ed2f-4a54-9bf2-26228d113318"
  Hint: __Icon
  Value: Office/16x16/document_tag.png
- ID: "1172f251-dad4-4efb-a329-0c63500e4f1e"
  Hint: __Masters
  Value: |
    {1DCA8C08-5A92-41CB-89F7-E438336FA28E}
    {A87A00B1-E6DB-45AB-8B54-636FEC3B5523}
Languages:
- Language: en
  Versions:
  - Version: 1
    Fields:
    - ID: "25bed78c-4957-4165-998a-ca1b52f67497"
      Hint: __Created
      Value: 20220512T135033Z
    - ID: "52807595-0f8f-4b20-8d2a-cb71d28c6103"
      Hint: __Owner
      Value: |
        sitecore\xmc-e2e-admin@sitecore.com
    - ID: "5dd74568-4d4b-44c1-b513-0af5f4cda34f"
      Hint: __Created by
      Value: |
        sitecore\xmc-e2e-admin@sitecore.com
    - ID: "8cdc337e-a112-42fb-bbb4-4143751e123f"
      Hint: __Revision
      Value: "dd6a50bd-e197-46a0-824f-6e601aa65235"
    - ID: "badd9cf9-53e0-4d0c-bcc0-2d784c282f6a"
      Hint: __Updated by
      Value: |
        sitecore\xmc-e2e-admin@sitecore.com
    - ID: "d9cf14b1-fa16-4ba6-9288-e8a174d4d522"
      Hint: __Updated
      Value: 20220512T135451Z
